<?xml version="1.0" encoding="utf-8"?>
<Project ToolsVersion="4.0" xmlns="http://schemas.microsoft.com/developer/msbuild/2003">
  <ItemGroup>
    <Filter Include="헤더 파일">
      <UniqueIdentifier>{93995380-89BD-4b04-88EB-625FBE52EBFB}</UniqueIdentifier>
      <Extensions>h;hh;hpp;hxx;hm;inl;inc;ipp;xsd</Extensions>
    </Filter>
    <Filter Include="리소스 파일">
      <UniqueIdentifier>{67DA6AB6-F800-4c08-8B7A-83BB121AAD01}</UniqueIdentifier>
      <Extensions>rc;ico;cur;bmp;dlg;rc2;rct;bin;rgs;gif;jpg;jpeg;jpe;resx;tiff;tif;png;wav;mfcribbon-ms</Extensions>
    </Filter>
    <Filter Include="리소스 파일\소스 파일">
      <UniqueIdentifier>{4FC737F1-C7A5-4376-A066-2A32D752A2FF}</UniqueIdentifier>
      <Extensions>cpp;c;cc;cxx;def;odl;idl;hpj;bat;asm;asmx</Extensions>
    </Filter>
    <Filter Include="리소스 파일\소스 파일\자료구조">
      <UniqueIdentifier>{1e846c3d-a8ca-442a-ade9-0786cc27d385}</UniqueIdentifier>
    </Filter>
    <Filter Include="리소스 파일\소스 파일\정렬">
      <UniqueIdentifier>{fe2b6f52-e5ac-4d18-950a-356ace51e130}</UniqueIdentifier>
    </Filter>
    <Filter Include="리소스 파일\소스 파일\그래프">
      <UniqueIdentifier>{a0b0fd55-810e-44d0-ad00-6d4ac094953c}</UniqueIdentifier>
    </Filter>
    <Filter Include="리소스 파일\소스 파일\자료구조%28백준%29">
      <UniqueIdentifier>{849536c5-ee30-4360-b7aa-11234be2edb1}</UniqueIdentifier>
    </Filter>
    <Filter Include="리소스 파일\소스 파일\그리디">
      <UniqueIdentifier>{a6db2b45-0c21-4539-b99d-c2b5c536715e}</UniqueIdentifier>
    </Filter>
    <Filter Include="리소스 파일\소스 파일\NP문제">
      <UniqueIdentifier>{18acd29c-76eb-47d6-9007-2d60be9331da}</UniqueIdentifier>
    </Filter>
    <Filter Include="리소스 파일\소스 파일\유니온파인드">
      <UniqueIdentifier>{5f0baee9-e38f-4e6e-9ef4-0827ef989f88}</UniqueIdentifier>
    </Filter>
    <Filter Include="리소스 파일\소스 파일\메일프로그래밍">
      <UniqueIdentifier>{35c6509c-94b4-482e-b6f7-cca350ff6f3f}</UniqueIdentifier>
    </Filter>
    <Filter Include="리소스 파일\소스 파일\재귀호출">
      <UniqueIdentifier>{a3d3eb12-9051-4206-b9d6-0d93120982d9}</UniqueIdentifier>
    </Filter>
    <Filter Include="리소스 파일\소스 파일\LCS">
      <UniqueIdentifier>{4c37f2a9-f16a-47d7-a111-84ececb6a55f}</UniqueIdentifier>
    </Filter>
    <Filter Include="리소스 파일\소스 파일\레벨1">
      <UniqueIdentifier>{bff15e01-ac6b-4dc4-be30-ae429ee2f010}</UniqueIdentifier>
    </Filter>
    <Filter Include="리소스 파일\소스 파일\해시">
      <UniqueIdentifier>{20f72ec6-6912-48a9-9169-1612a4941a76}</UniqueIdentifier>
    </Filter>
    <Filter Include="리소스 파일\소스 파일\DFSBFS">
      <UniqueIdentifier>{d2cf480c-205e-4ef7-b1f9-52674b0ba584}</UniqueIdentifier>
    </Filter>
    <Filter Include="리소스 파일\소스 파일\구현">
      <UniqueIdentifier>{7966a99e-e473-4092-9d20-2296859dea97}</UniqueIdentifier>
    </Filter>
    <Filter Include="리소스 파일\소스 파일\스택큐">
      <UniqueIdentifier>{ef174635-19d5-4be7-b275-50ca47de1eb2}</UniqueIdentifier>
    </Filter>
    <Filter Include="리소스 파일\소스 파일\완전탐색">
      <UniqueIdentifier>{7447968b-dd7e-486e-85dd-67499c0ffddd}</UniqueIdentifier>
    </Filter>
    <Filter Include="리소스 파일\소스 파일\비트플래그">
      <UniqueIdentifier>{273ec2b1-5139-438e-b84b-36dc1682a236}</UniqueIdentifier>
    </Filter>
    <Filter Include="리소스 파일\소스 파일\이분탐색">
      <UniqueIdentifier>{e48fac57-2ea6-4637-bffb-35c660e25978}</UniqueIdentifier>
    </Filter>
    <Filter Include="리소스 파일\소스 파일\문자열">
      <UniqueIdentifier>{1be471de-6a9d-48b7-bf56-0fced99cc8ba}</UniqueIdentifier>
    </Filter>
    <Filter Include="리소스 파일\소스 파일\트리">
      <UniqueIdentifier>{f0f6c70d-8cd0-43d0-b7ce-088c18224b02}</UniqueIdentifier>
    </Filter>
    <Filter Include="리소스 파일\소스 파일\이진탐색">
      <UniqueIdentifier>{2277677a-7482-436d-baed-b35b3b7180a5}</UniqueIdentifier>
    </Filter>
    <Filter Include="리소스 파일\소스 파일\DOIT 자료구조와 알고리즘">
      <UniqueIdentifier>{5915cc71-da11-4568-8795-87ae787bd986}</UniqueIdentifier>
    </Filter>
    <Filter Include="리소스 파일\소스 파일\DOIT 자료구조와 알고리즘\chapter1">
      <UniqueIdentifier>{030300cf-f664-46a5-9d2e-237fb1a222db}</UniqueIdentifier>
    </Filter>
    <Filter Include="리소스 파일\소스 파일\DOIT 자료구조와 알고리즘\chapter2">
      <UniqueIdentifier>{dd042e70-e4db-4714-a958-bbddd7506ade}</UniqueIdentifier>
    </Filter>
    <Filter Include="리소스 파일\소스 파일\DOIT 자료구조와 알고리즘\chapter3">
      <UniqueIdentifier>{462d4202-4f8e-4014-865f-5d92fee4c8ab}</UniqueIdentifier>
    </Filter>
    <Filter Include="리소스 파일\소스 파일\DOIT 자료구조와 알고리즘\chapter11">
      <UniqueIdentifier>{a091fec1-49b8-4966-8150-3bcaf8dcbaca}</UniqueIdentifier>
    </Filter>
    <Filter Include="리소스 파일\소스 파일\LIS">
      <UniqueIdentifier>{5afcc7a6-3451-462e-85e4-3a18f0398249}</UniqueIdentifier>
    </Filter>
    <Filter Include="리소스 파일\소스 파일\다이나믹프로그래밍완전정복">
      <UniqueIdentifier>{b73bc9be-7381-45f6-af63-05354ac83ea6}</UniqueIdentifier>
    </Filter>
    <Filter Include="리소스 파일\소스 파일\입문용">
      <UniqueIdentifier>{d525999d-0cd6-47d7-9915-73cf2cc09cb3}</UniqueIdentifier>
    </Filter>
    <Filter Include="리소스 파일\소스 파일\브루트포스">
      <UniqueIdentifier>{79759deb-3487-4b23-a909-64fd7151fc02}</UniqueIdentifier>
    </Filter>
    <Filter Include="리소스 파일\소스 파일\시뮬레이션">
      <UniqueIdentifier>{1a8793e9-f577-4863-a807-84e0e9226974}</UniqueIdentifier>
    </Filter>
    <Filter Include="리소스 파일\소스 파일\배낭 문제">
      <UniqueIdentifier>{ba2dc442-d3dd-46a0-ba0d-bab4478cb03b}</UniqueIdentifier>
    </Filter>
    <Filter Include="리소스 파일\소스 파일\수학">
      <UniqueIdentifier>{05ce6cd9-d82c-4420-a0c3-4c478a981aab}</UniqueIdentifier>
    </Filter>
    <Filter Include="리소스 파일\소스 파일\허프만 압축 알고리즘">
      <UniqueIdentifier>{5b83717e-f361-4701-871c-70d67fe375c0}</UniqueIdentifier>
    </Filter>
    <Filter Include="리소스 파일\소스 파일\우선순위 큐">
      <UniqueIdentifier>{54cf9d4d-26cb-4858-9093-79c46e4e3232}</UniqueIdentifier>
    </Filter>
  </ItemGroup>
  <ItemGroup>
    <ClCompile Include="2606 바이러스.cpp">
      <Filter>리소스 파일\소스 파일</Filter>
    </ClCompile>
    <ClCompile Include="배열 해시테이블.c">
      <Filter>리소스 파일\소스 파일\자료구조</Filter>
    </ClCompile>
    <ClCompile Include="병합정렬.c">
      <Filter>리소스 파일\소스 파일\정렬</Filter>
    </ClCompile>
    <ClCompile Include="버블정렬.c">
      <Filter>리소스 파일\소스 파일\정렬</Filter>
    </ClCompile>
    <ClCompile Include="퀵정렬.c">
      <Filter>리소스 파일\소스 파일\정렬</Filter>
    </ClCompile>
    <ClCompile Include="힙정렬.c">
      <Filter>리소스 파일\소스 파일\정렬</Filter>
    </ClCompile>
    <ClCompile Include="다익스트라.cpp">
      <Filter>리소스 파일\소스 파일\그래프</Filter>
    </ClCompile>
    <ClCompile Include="1260 DFS와BFS.cpp">
      <Filter>리소스 파일\소스 파일\자료구조%28백준%29</Filter>
    </ClCompile>
    <ClCompile Include="1197 최소스패닝트리ver1.cpp">
      <Filter>리소스 파일\소스 파일\그래프</Filter>
    </ClCompile>
    <ClCompile Include="1197 최소스패닝트리ver2.cpp">
      <Filter>리소스 파일\소스 파일\그래프</Filter>
    </ClCompile>
    <ClCompile Include="해시 알고리즘.c">
      <Filter>리소스 파일\소스 파일\자료구조</Filter>
    </ClCompile>
    <ClCompile Include="mapping.cpp">
      <Filter>리소스 파일\소스 파일\자료구조</Filter>
    </ClCompile>
    <ClCompile Include="2178 미로탐색.cpp">
      <Filter>리소스 파일\소스 파일\자료구조</Filter>
    </ClCompile>
    <ClCompile Include="1347 미로 만들기.cpp">
      <Filter>리소스 파일\소스 파일\자료구조</Filter>
    </ClCompile>
    <ClCompile Include="1920 수찾기.c">
      <Filter>리소스 파일\소스 파일\자료구조</Filter>
    </ClCompile>
    <ClCompile Include="1300 k번쨰 수.c">
      <Filter>리소스 파일\소스 파일</Filter>
    </ClCompile>
    <ClCompile Include="14593 2017 아주대(정렬).cpp">
      <Filter>리소스 파일\소스 파일\정렬</Filter>
    </ClCompile>
    <ClCompile Include="11650 좌표정렬하기.cpp">
      <Filter>리소스 파일\소스 파일\정렬</Filter>
    </ClCompile>
    <ClCompile Include="냅색.cpp">
      <Filter>리소스 파일\소스 파일\그리디</Filter>
    </ClCompile>
    <ClCompile Include="2212 센서.cpp">
      <Filter>리소스 파일\소스 파일\그리디</Filter>
    </ClCompile>
    <ClCompile Include="9663 N_Queen.cpp">
      <Filter>리소스 파일\소스 파일\NP문제</Filter>
    </ClCompile>
    <ClCompile Include="1717 집합의표현.cpp">
      <Filter>리소스 파일\소스 파일\유니온파인드</Filter>
    </ClCompile>
    <ClCompile Include="13904 과제.cpp">
      <Filter>리소스 파일\소스 파일\그리디</Filter>
    </ClCompile>
    <ClCompile Include="13904 과제(재귀dp).cpp">
      <Filter>리소스 파일\소스 파일\그리디</Filter>
    </ClCompile>
    <ClCompile Include="모든 원소 k칸씩 앞으로.cpp">
      <Filter>리소스 파일\소스 파일\메일프로그래밍</Filter>
    </ClCompile>
    <ClCompile Include="4811 알약.cpp">
      <Filter>리소스 파일\소스 파일\재귀호출</Filter>
    </ClCompile>
    <ClCompile Include="1699 제곱수의 합.cpp">
      <Filter>리소스 파일\소스 파일\재귀호출</Filter>
    </ClCompile>
    <ClCompile Include="14501 퇴사.cpp">
      <Filter>리소스 파일\소스 파일\재귀호출</Filter>
    </ClCompile>
    <ClCompile Include="3114 사과와 바나나.cpp">
      <Filter>리소스 파일\소스 파일\재귀호출</Filter>
    </ClCompile>
    <ClCompile Include="9251 LCS.cpp">
      <Filter>리소스 파일\소스 파일\LCS</Filter>
    </ClCompile>
    <ClCompile Include="중복없이 정렬.cpp">
      <Filter>리소스 파일\소스 파일\정렬</Filter>
    </ClCompile>
    <ClCompile Include="체육복.cpp">
      <Filter>리소스 파일\소스 파일\그리디</Filter>
    </ClCompile>
    <ClCompile Include="조이스틱%28재도전%29.cpp">
      <Filter>리소스 파일\소스 파일\그리디</Filter>
    </ClCompile>
    <ClCompile Include="네트워크.cpp">
      <Filter>리소스 파일\소스 파일\그래프</Filter>
    </ClCompile>
    <ClCompile Include="정수 내림차순으로 배치하기.cpp">
      <Filter>리소스 파일\소스 파일\레벨1</Filter>
    </ClCompile>
    <ClCompile Include="크루스칼알고리즘.c">
      <Filter>리소스 파일\소스 파일\그래프</Filter>
    </ClCompile>
    <ClCompile Include="완주하지 못한 선수.cpp">
      <Filter>리소스 파일\소스 파일\해시</Filter>
    </ClCompile>
    <ClCompile Include="heapify.c">
      <Filter>리소스 파일\소스 파일\정렬</Filter>
    </ClCompile>
    <ClCompile Include="큰 수 만들기.cpp">
      <Filter>리소스 파일\소스 파일\그리디</Filter>
    </ClCompile>
    <ClCompile Include="타겟 넘버.cpp">
      <Filter>리소스 파일\소스 파일\DFSBFS</Filter>
    </ClCompile>
    <ClCompile Include="최솟값 만들기.cpp">
      <Filter>리소스 파일\소스 파일\구현</Filter>
    </ClCompile>
    <ClCompile Include="hanoi 타워.cpp">
      <Filter>리소스 파일\소스 파일\재귀호출</Filter>
    </ClCompile>
    <ClCompile Include="쇠막대기.cpp">
      <Filter>리소스 파일\소스 파일\스택큐</Filter>
    </ClCompile>
    <ClCompile Include="탑.cpp">
      <Filter>리소스 파일\소스 파일\스택큐</Filter>
    </ClCompile>
    <ClCompile Include="숫자야구.cpp">
      <Filter>리소스 파일\소스 파일\완전탐색</Filter>
    </ClCompile>
    <ClCompile Include="모의고사.cpp">
      <Filter>리소스 파일\소스 파일\완전탐색</Filter>
    </ClCompile>
    <ClCompile Include="15814 야바위대장.cpp">
      <Filter>리소스 파일\소스 파일\구현</Filter>
    </ClCompile>
    <ClCompile Include="13698 Hawk eyes.cpp">
      <Filter>리소스 파일\소스 파일\구현</Filter>
    </ClCompile>
    <ClCompile Include="12759 틱!택!톡!(조건검사).cpp">
      <Filter>리소스 파일\소스 파일\DFSBFS</Filter>
    </ClCompile>
    <ClCompile Include="12759 틱!택!톡!.cpp">
      <Filter>리소스 파일\소스 파일\DFSBFS</Filter>
    </ClCompile>
    <ClCompile Include="1525 퍼즐%28다시풀어보기%29.cpp">
      <Filter>리소스 파일\소스 파일\DFSBFS</Filter>
    </ClCompile>
    <ClCompile Include="2309 일곱난쟁이.c">
      <Filter>리소스 파일\소스 파일\완전탐색</Filter>
    </ClCompile>
    <ClCompile Include="10698 Ahmed Aly.cpp">
      <Filter>리소스 파일\소스 파일\구현</Filter>
    </ClCompile>
    <ClCompile Include="5988 홀수일까 짝수일까.cpp">
      <Filter>리소스 파일\소스 파일\구현</Filter>
    </ClCompile>
    <ClCompile Include="1816 암호 키.cpp">
      <Filter>리소스 파일\소스 파일\구현</Filter>
    </ClCompile>
    <ClCompile Include="16956 늑대와 양.cpp">
      <Filter>리소스 파일\소스 파일\구현</Filter>
    </ClCompile>
    <ClCompile Include="벽 부수고 이동하기4%28시간초과%29.cpp">
      <Filter>리소스 파일\소스 파일\DFSBFS</Filter>
    </ClCompile>
    <ClCompile Include="1507 토너먼트.cpp">
      <Filter>리소스 파일\소스 파일\구현</Filter>
    </ClCompile>
    <ClCompile Include="벽 부수고 이동하기4%28시간초과2%29.cpp">
      <Filter>리소스 파일\소스 파일\DFSBFS</Filter>
    </ClCompile>
    <ClCompile Include="15917 노솔브방지문제야!.cpp">
      <Filter>리소스 파일\소스 파일\구현</Filter>
    </ClCompile>
    <ClCompile Include="5026 박사과정.cpp">
      <Filter>리소스 파일\소스 파일\구현</Filter>
    </ClCompile>
    <ClCompile Include="10815 숫자카드.cpp">
      <Filter>리소스 파일\소스 파일\이분탐색</Filter>
    </ClCompile>
    <ClCompile Include="binarySearchAlgo.c">
      <Filter>리소스 파일\소스 파일\이분탐색</Filter>
    </ClCompile>
    <ClCompile Include="strstr 검색.c">
      <Filter>리소스 파일\소스 파일\문자열</Filter>
    </ClCompile>
    <ClCompile Include="1407 2로 몇 번 나누어질까%28시간 초과%29.cpp">
      <Filter>리소스 파일\소스 파일\구현</Filter>
    </ClCompile>
    <ClCompile Include="12996 Acka.cpp">
      <Filter>리소스 파일\소스 파일\구현</Filter>
    </ClCompile>
    <ClCompile Include="13237 BinaryTree.cpp">
      <Filter>리소스 파일\소스 파일\구현</Filter>
    </ClCompile>
    <ClCompile Include="14501 퇴사.c">
      <Filter>리소스 파일\소스 파일\구현</Filter>
    </ClCompile>
    <ClCompile Include="4256 트리(배열버전).c">
      <Filter>리소스 파일\소스 파일\트리</Filter>
    </ClCompile>
    <ClCompile Include="4256 트리%28링크드리스트%29.c">
      <Filter>리소스 파일\소스 파일\트리</Filter>
    </ClCompile>
    <ClCompile Include="13237 Binary tree.cpp">
      <Filter>리소스 파일\소스 파일\트리</Filter>
    </ClCompile>
    <ClCompile Include="14889 스타트와 링크.cpp">
      <Filter>리소스 파일\소스 파일\구현</Filter>
    </ClCompile>
    <ClCompile Include="Combination.cpp">
      <Filter>리소스 파일\소스 파일\재귀호출</Filter>
    </ClCompile>
    <ClCompile Include="15652 N과M4.cpp">
      <Filter>리소스 파일\소스 파일\완전탐색</Filter>
    </ClCompile>
    <ClCompile Include="14503 로봇 청소기%28다음에 풀기%29.cpp">
      <Filter>리소스 파일\소스 파일\DFSBFS</Filter>
    </ClCompile>
    <ClCompile Include="15654 N과M5.c">
      <Filter>리소스 파일\소스 파일\완전탐색</Filter>
    </ClCompile>
    <ClCompile Include="1389 케빈베이컨의 6단계 법칙.cpp">
      <Filter>리소스 파일\소스 파일\DFSBFS</Filter>
    </ClCompile>
    <ClCompile Include="2961 도영이가 만든 맛있는 음식.cpp">
      <Filter>리소스 파일\소스 파일\재귀호출</Filter>
    </ClCompile>
    <ClCompile Include="1436 영화감독 숌.cpp">
      <Filter>리소스 파일\소스 파일\완전탐색</Filter>
    </ClCompile>
    <ClCompile Include="2798 블랙잭.cpp">
      <Filter>리소스 파일\소스 파일\재귀호출</Filter>
    </ClCompile>
    <ClCompile Include="3052 나머지.c">
      <Filter>리소스 파일\소스 파일\구현</Filter>
    </ClCompile>
    <ClCompile Include="11659 구간합 구하기 4.cpp">
      <Filter>리소스 파일\소스 파일\트리</Filter>
    </ClCompile>
    <ClCompile Include="2884 알람시계.cpp">
      <Filter>리소스 파일\소스 파일\구현</Filter>
    </ClCompile>
    <ClCompile Include="2436 공약수.cpp">
      <Filter>리소스 파일\소스 파일\구현</Filter>
    </ClCompile>
    <ClCompile Include="1927 최소 힙.c">
      <Filter>리소스 파일\소스 파일\자료구조</Filter>
    </ClCompile>
    <ClCompile Include="11286 절대값 힙.cpp">
      <Filter>리소스 파일\소스 파일</Filter>
    </ClCompile>
    <ClCompile Include="4Sum.cpp">
      <Filter>리소스 파일\소스 파일\구현</Filter>
    </ClCompile>
    <ClCompile Include="1976 여행가자.cpp">
      <Filter>리소스 파일\소스 파일\DFSBFS</Filter>
    </ClCompile>
    <ClCompile Include="Sort List.c">
      <Filter>리소스 파일\소스 파일</Filter>
    </ClCompile>
    <ClCompile Include="Container With Most Water.cpp">
      <Filter>리소스 파일\소스 파일\구현</Filter>
    </ClCompile>
    <ClCompile Include="doible pow 구현.cpp">
      <Filter>리소스 파일\소스 파일\재귀호출</Filter>
    </ClCompile>
    <ClCompile Include="1541 잃어버린 괄호.cpp">
      <Filter>리소스 파일\소스 파일\구현</Filter>
    </ClCompile>
    <ClCompile Include="2753 윤년.cpp">
      <Filter>리소스 파일\소스 파일\구현</Filter>
    </ClCompile>
    <ClCompile Include="10870 피보나치 수5.cpp">
      <Filter>리소스 파일\소스 파일\구현</Filter>
    </ClCompile>
    <ClCompile Include="15596 정수N개의 합.cpp">
      <Filter>리소스 파일\소스 파일\구현</Filter>
    </ClCompile>
    <ClCompile Include="10816 숫자카드2%28시간초과%29.cpp">
      <Filter>리소스 파일\소스 파일\이진탐색</Filter>
    </ClCompile>
    <ClCompile Include="10816 숫자카드2.cpp">
      <Filter>리소스 파일\소스 파일\이진탐색</Filter>
    </ClCompile>
    <ClCompile Include="문자열 해시.c">
      <Filter>리소스 파일\소스 파일\해시</Filter>
    </ClCompile>
    <ClCompile Include="Q17.c">
      <Filter>리소스 파일\소스 파일\DOIT 자료구조와 알고리즘\chapter1</Filter>
    </ClCompile>
    <ClCompile Include="Q18.c">
      <Filter>리소스 파일\소스 파일\DOIT 자료구조와 알고리즘\chapter1</Filter>
    </ClCompile>
    <ClCompile Include="Q5.c">
      <Filter>리소스 파일\소스 파일\DOIT 자료구조와 알고리즘\chapter2</Filter>
    </ClCompile>
    <ClCompile Include="Q9.c">
      <Filter>리소스 파일\소스 파일\DOIT 자료구조와 알고리즘\chapter2</Filter>
    </ClCompile>
    <ClCompile Include="Q6.c">
      <Filter>리소스 파일\소스 파일\DOIT 자료구조와 알고리즘\chapter2</Filter>
    </ClCompile>
    <ClCompile Include="Q12.c">
      <Filter>리소스 파일\소스 파일\DOIT 자료구조와 알고리즘\chapter2</Filter>
    </ClCompile>
    <ClCompile Include="선형검색.c">
      <Filter>리소스 파일\소스 파일\DOIT 자료구조와 알고리즘\chapter3</Filter>
    </ClCompile>
    <ClCompile Include="이진탐색.c">
      <Filter>리소스 파일\소스 파일\DOIT 자료구조와 알고리즘\chapter3</Filter>
    </ClCompile>
    <ClCompile Include="수 정렬하기5.c">
      <Filter>리소스 파일\소스 파일\구현</Filter>
    </ClCompile>
    <ClCompile Include="17127 벚꽃이 정보섬에 피어난 이유.cpp">
      <Filter>리소스 파일\소스 파일\구현</Filter>
    </ClCompile>
    <ClCompile Include="Q3.c">
      <Filter>리소스 파일\소스 파일\DOIT 자료구조와 알고리즘\chapter3</Filter>
    </ClCompile>
    <ClCompile Include="Q5.c.cpp">
      <Filter>리소스 파일\소스 파일\DOIT 자료구조와 알고리즘\chapter3</Filter>
    </ClCompile>
    <ClCompile Include="Member.c">
      <Filter>리소스 파일\소스 파일\DOIT 자료구조와 알고리즘\chapter11</Filter>
    </ClCompile>
    <ClCompile Include="ChainHashTest.c">
      <Filter>리소스 파일\소스 파일\DOIT 자료구조와 알고리즘\chapter11</Filter>
    </ClCompile>
    <ClCompile Include="ChainHash.c">
      <Filter>리소스 파일\소스 파일\DOIT 자료구조와 알고리즘\chapter11</Filter>
    </ClCompile>
    <ClCompile Include="11053 가장 긴 증가하는 부분수열.cpp">
      <Filter>리소스 파일\소스 파일\LIS</Filter>
    </ClCompile>
    <ClCompile Include="12015 가장 긴 증가하는 부분수열2.cpp">
      <Filter>리소스 파일\소스 파일\LIS</Filter>
    </ClCompile>
    <ClCompile Include="11722 가장 긴 감소하는 부분수열.cpp">
      <Filter>리소스 파일\소스 파일\LIS</Filter>
    </ClCompile>
    <ClCompile Include="14002 가장 긴 증가하는 부분 수열 4 .cpp">
      <Filter>리소스 파일\소스 파일\LIS</Filter>
    </ClCompile>
    <ClCompile Include="11055 가장 큰 증가 부분 수열.cpp">
      <Filter>리소스 파일\소스 파일\LIS</Filter>
    </ClCompile>
    <ClCompile Include="1125 바닥장식.cpp">
      <Filter>리소스 파일\소스 파일\구현</Filter>
    </ClCompile>
    <ClCompile Include="5217 쌍의 합.cpp">
      <Filter>리소스 파일\소스 파일\구현</Filter>
    </ClCompile>
    <ClCompile Include="10093 숫자.cpp">
      <Filter>리소스 파일\소스 파일\구현</Filter>
    </ClCompile>
    <ClCompile Include="1259 팰린드롬수.cpp">
      <Filter>리소스 파일\소스 파일\구현</Filter>
    </ClCompile>
    <ClCompile Include="13752 히스토그램.cpp">
      <Filter>리소스 파일\소스 파일\구현</Filter>
    </ClCompile>
    <ClCompile Include="설탕배달.c">
      <Filter>리소스 파일\소스 파일\구현</Filter>
    </ClCompile>
    <ClCompile Include="0으로 만들기.cpp">
      <Filter>리소스 파일\소스 파일\구현</Filter>
    </ClCompile>
    <ClCompile Include="1235 학생번호.cpp">
      <Filter>리소스 파일\소스 파일\구현</Filter>
    </ClCompile>
    <ClCompile Include="1371 가장 많은 글자.c">
      <Filter>리소스 파일\소스 파일\구현</Filter>
    </ClCompile>
    <ClCompile Include="1120 문자열.cpp">
      <Filter>리소스 파일\소스 파일\구현</Filter>
    </ClCompile>
    <ClCompile Include="2484 주사위 4개.cpp">
      <Filter>리소스 파일\소스 파일\구현</Filter>
    </ClCompile>
    <ClCompile Include="2947 나무조각.cpp">
      <Filter>리소스 파일\소스 파일\구현</Filter>
    </ClCompile>
    <ClCompile Include="10409 서버.cpp">
      <Filter>리소스 파일\소스 파일\구현</Filter>
    </ClCompile>
    <ClCompile Include="4458 첫 글자를 대문자로.cpp">
      <Filter>리소스 파일\소스 파일\구현</Filter>
    </ClCompile>
    <ClCompile Include="5032 탄산음료.cpp">
      <Filter>리소스 파일\소스 파일\구현</Filter>
    </ClCompile>
    <ClCompile Include="4504 배수 찾기.c">
      <Filter>리소스 파일\소스 파일\구현</Filter>
    </ClCompile>
    <ClCompile Include="16199 나이 계산하기.cpp">
      <Filter>리소스 파일\소스 파일\구현</Filter>
    </ClCompile>
    <ClCompile Include="2576 홀수.cpp">
      <Filter>리소스 파일\소스 파일\구현</Filter>
    </ClCompile>
    <ClCompile Include="1731 추론.cpp">
      <Filter>리소스 파일\소스 파일\구현</Filter>
    </ClCompile>
    <ClCompile Include="2857 FBI.cpp">
      <Filter>리소스 파일\소스 파일\구현</Filter>
    </ClCompile>
    <ClCompile Include="2744 대소문자 바꾸기.cpp">
      <Filter>리소스 파일\소스 파일\구현</Filter>
    </ClCompile>
    <ClCompile Include="알고리즘 스터디\1339 단어 수학.cpp">
      <Filter>리소스 파일\소스 파일\구현</Filter>
    </ClCompile>
    <ClCompile Include="알고리즘 스터디\1996 지뢰 찾기.cpp">
      <Filter>리소스 파일\소스 파일\구현</Filter>
    </ClCompile>
    <ClCompile Include="알고리즘 스터디\2508 사탕 박사 고창영.cpp">
      <Filter>리소스 파일\소스 파일\구현</Filter>
    </ClCompile>
    <ClCompile Include="알고리즘 스터디\2909 캔디 구매.cpp">
      <Filter>리소스 파일\소스 파일\구현</Filter>
    </ClCompile>
    <ClCompile Include="알고리즘 스터디\4108 지뢰찾기.cpp">
      <Filter>리소스 파일\소스 파일\구현</Filter>
    </ClCompile>
    <ClCompile Include="알고리즘 스터디\4447 좋은놈 나쁜놈.cpp">
      <Filter>리소스 파일\소스 파일\구현</Filter>
    </ClCompile>
    <ClCompile Include="알고리즘 스터디\4493 가위 바위 보.cpp">
      <Filter>리소스 파일\소스 파일\구현</Filter>
    </ClCompile>
    <ClCompile Include="알고리즘 스터디\5613 계산기 프로그램.cpp">
      <Filter>리소스 파일\소스 파일\구현</Filter>
    </ClCompile>
    <ClCompile Include="알고리즘 스터디\10769 행복한지 슬픈지.cpp">
      <Filter>리소스 파일\소스 파일\구현</Filter>
    </ClCompile>
    <ClCompile Include="알고리즘 스터디\10810 공 넣기.cpp">
      <Filter>리소스 파일\소스 파일\구현</Filter>
    </ClCompile>
    <ClCompile Include="알고리즘 스터디\11312 삼각 무늬-2.cpp">
      <Filter>리소스 파일\소스 파일\구현</Filter>
    </ClCompile>
    <ClCompile Include="알고리즘 스터디\17174 전체 계산 횟수.cpp">
      <Filter>리소스 파일\소스 파일\구현</Filter>
    </ClCompile>
    <ClCompile Include="2083 럭비클럽.cpp">
      <Filter>리소스 파일\소스 파일\구현</Filter>
    </ClCompile>
    <ClCompile Include="6064 카잉달력.cpp">
      <Filter>리소스 파일\소스 파일\구현</Filter>
    </ClCompile>
    <ClCompile Include="15661 링크와 스타트.cpp">
      <Filter>리소스 파일\소스 파일\구현</Filter>
    </ClCompile>
    <ClCompile Include="14935 FA.cpp">
      <Filter>리소스 파일\소스 파일\구현</Filter>
    </ClCompile>
    <ClCompile Include="9733 꿀벌.cpp">
      <Filter>리소스 파일\소스 파일\구현</Filter>
    </ClCompile>
    <ClCompile Include="1941 소문난 칠공주.cpp">
      <Filter>리소스 파일\소스 파일\DFSBFS</Filter>
    </ClCompile>
    <ClCompile Include="17247 택시거리.cpp">
      <Filter>리소스 파일\소스 파일\구현</Filter>
    </ClCompile>
    <ClCompile Include="2160 그림 비교.cpp">
      <Filter>리소스 파일\소스 파일\구현</Filter>
    </ClCompile>
    <ClCompile Include="17176 암호해독기.cpp">
      <Filter>리소스 파일\소스 파일\구현</Filter>
    </ClCompile>
    <ClCompile Include="17608 막대기.cpp">
      <Filter>리소스 파일\소스 파일\구현</Filter>
    </ClCompile>
    <ClCompile Include="1644 소수의 연속합.cpp">
      <Filter>리소스 파일\소스 파일\DFSBFS</Filter>
    </ClCompile>
    <ClCompile Include="14391 종이조각.cpp">
      <Filter>리소스 파일\소스 파일\구현</Filter>
    </ClCompile>
    <ClCompile Include="17249 태보태보 총난타.cpp">
      <Filter>리소스 파일\소스 파일\구현</Filter>
    </ClCompile>
    <ClCompile Include="1248 맞춰봐.cpp">
      <Filter>리소스 파일\소스 파일\DFSBFS</Filter>
    </ClCompile>
    <ClCompile Include="2156 포도주 시식%28시간초과%29.cpp">
      <Filter>리소스 파일\소스 파일\구현</Filter>
    </ClCompile>
    <ClCompile Include="4118 Fred%27s Lotto Tickets.cpp">
      <Filter>리소스 파일\소스 파일\구현</Filter>
    </ClCompile>
    <ClCompile Include="2156 포도주 시식(dp).cpp">
      <Filter>리소스 파일\소스 파일\구현</Filter>
    </ClCompile>
    <ClCompile Include="7453 합이 0인 네 정수.cpp">
      <Filter>리소스 파일\소스 파일\구현</Filter>
    </ClCompile>
    <ClCompile Include="1208 부분수열의 합2.cpp">
      <Filter>리소스 파일\소스 파일\구현</Filter>
    </ClCompile>
    <ClCompile Include="특정점수에 도달하는 경우의 수 구하기.cpp">
      <Filter>리소스 파일\소스 파일\다이나믹프로그래밍완전정복</Filter>
    </ClCompile>
    <ClCompile Include="부분집합의 합 구하기.cpp">
      <Filter>리소스 파일\소스 파일\다이나믹프로그래밍완전정복</Filter>
    </ClCompile>
    <ClCompile Include="LCS.cpp">
      <Filter>리소스 파일\소스 파일\다이나믹프로그래밍완전정복</Filter>
    </ClCompile>
    <ClCompile Include="거스름돈 최적화.cpp">
      <Filter>리소스 파일\소스 파일\다이나믹프로그래밍완전정복</Filter>
    </ClCompile>
    <ClCompile Include="0-1배낭.cpp">
      <Filter>리소스 파일\소스 파일\다이나믹프로그래밍완전정복</Filter>
    </ClCompile>
    <ClCompile Include="직사각형에서 총 경로 수 구하기.cpp">
      <Filter>리소스 파일\소스 파일\다이나믹프로그래밍완전정복</Filter>
    </ClCompile>
    <ClCompile Include="9492 Perfect Shuffle.cpp">
      <Filter>리소스 파일\소스 파일\구현</Filter>
    </ClCompile>
    <ClCompile Include="2896 무알콜 칵테일.cpp">
      <Filter>리소스 파일\소스 파일\구현</Filter>
    </ClCompile>
    <ClCompile Include="3023 마술사 이민혁.cpp">
      <Filter>리소스 파일\소스 파일\구현</Filter>
    </ClCompile>
    <ClCompile Include="14467 소가 길을 건너간 이유.cpp">
      <Filter>리소스 파일\소스 파일\구현</Filter>
    </ClCompile>
    <ClCompile Include="9655 돌 게임.cpp">
      <Filter>리소스 파일\소스 파일\구현</Filter>
    </ClCompile>
    <ClCompile Include="2444 별 찍기-7.cpp">
      <Filter>리소스 파일\소스 파일\구현</Filter>
    </ClCompile>
    <ClCompile Include="2563 색종이.cpp">
      <Filter>리소스 파일\소스 파일\구현</Filter>
    </ClCompile>
    <ClCompile Include="2669 직사각형 네개의 합집합의 면적 구하기.cpp">
      <Filter>리소스 파일\소스 파일\구현</Filter>
    </ClCompile>
    <ClCompile Include="2495 연속구간.cpp">
      <Filter>리소스 파일\소스 파일\구현</Filter>
    </ClCompile>
    <ClCompile Include="10797 10부제.cpp">
      <Filter>리소스 파일\소스 파일\구현</Filter>
    </ClCompile>
    <ClCompile Include="2167 2차원 배열의 합%28다시%29.cpp">
      <Filter>리소스 파일\소스 파일\구현</Filter>
    </ClCompile>
    <ClCompile Include="2670 연속부분최대곱.cpp">
      <Filter>리소스 파일\소스 파일\구현</Filter>
    </ClCompile>
    <ClCompile Include="2525 오븐 시계.cpp">
      <Filter>리소스 파일\소스 파일\구현</Filter>
    </ClCompile>
    <ClCompile Include="14620 꽃길.cpp">
      <Filter>리소스 파일\소스 파일\구현</Filter>
    </ClCompile>
    <ClCompile Include="15663 N과M%289%29 다시 풀기.cpp">
      <Filter>리소스 파일\소스 파일\구현</Filter>
    </ClCompile>
    <ClCompile Include="10833 사과.cpp">
      <Filter>리소스 파일\소스 파일\구현</Filter>
    </ClCompile>
    <ClCompile Include="5598 카이사르 암호.cpp">
      <Filter>리소스 파일\소스 파일\구현</Filter>
    </ClCompile>
    <ClCompile Include="2636 치즈.cpp">
      <Filter>리소스 파일\소스 파일\DFSBFS</Filter>
    </ClCompile>
    <ClCompile Include="10156 과자.cpp">
      <Filter>리소스 파일\소스 파일\구현</Filter>
    </ClCompile>
    <ClCompile Include="2693 N번째 큰 수.cpp">
      <Filter>리소스 파일\소스 파일\구현</Filter>
    </ClCompile>
    <ClCompile Include="2567 색종이-2.cpp">
      <Filter>리소스 파일\소스 파일\DFSBFS</Filter>
    </ClCompile>
    <ClCompile Include="10158 개미%28시간초과%29.cpp">
      <Filter>리소스 파일\소스 파일\구현</Filter>
    </ClCompile>
    <ClCompile Include="5543 상근날드.cpp">
      <Filter>리소스 파일\소스 파일\구현</Filter>
    </ClCompile>
    <ClCompile Include="2480 주사위 세개.cpp">
      <Filter>리소스 파일\소스 파일\구현</Filter>
    </ClCompile>
    <ClCompile Include="5575 타임 카드.cpp">
      <Filter>리소스 파일\소스 파일\구현</Filter>
    </ClCompile>
    <ClCompile Include="13235 팰린드롬.cpp">
      <Filter>리소스 파일\소스 파일\구현</Filter>
    </ClCompile>
    <ClCompile Include="10157 자리배정.cpp">
      <Filter>리소스 파일\소스 파일\구현</Filter>
    </ClCompile>
    <ClCompile Include="1100 하얀 칸.cpp">
      <Filter>리소스 파일\소스 파일\구현</Filter>
    </ClCompile>
    <ClCompile Include="2445 별찍기-8.cpp">
      <Filter>리소스 파일\소스 파일\구현</Filter>
    </ClCompile>
    <ClCompile Include="11651 좌표정렬하기2.cpp">
      <Filter>리소스 파일\소스 파일\구현</Filter>
    </ClCompile>
    <ClCompile Include="2869 달팽이는 올라가고 싶다%28아직 배워야함%29.cpp">
      <Filter>리소스 파일\소스 파일\구현</Filter>
    </ClCompile>
    <ClCompile Include="2587 대표값2.cpp">
      <Filter>리소스 파일\소스 파일\구현</Filter>
    </ClCompile>
    <ClCompile Include="13913 숨바꼭질4.cpp">
      <Filter>리소스 파일\소스 파일\DFSBFS</Filter>
    </ClCompile>
    <ClCompile Include="2446 별 찍기-9.cpp">
      <Filter>리소스 파일\소스 파일\구현</Filter>
    </ClCompile>
    <ClCompile Include="2501 약수 구하기.cpp">
      <Filter>리소스 파일\소스 파일\구현</Filter>
    </ClCompile>
    <ClCompile Include="11653 소인수분해.cpp">
      <Filter>리소스 파일\소스 파일\구현</Filter>
    </ClCompile>
    <ClCompile Include="7562 나이트의 이동.cpp">
      <Filter>리소스 파일\소스 파일\DFSBFS</Filter>
    </ClCompile>
    <ClCompile Include="7576 토마토.cpp">
      <Filter>리소스 파일\소스 파일\DFSBFS</Filter>
    </ClCompile>
    <ClCompile Include="2476 주사위 게임.cpp">
      <Filter>리소스 파일\소스 파일\구현</Filter>
    </ClCompile>
    <ClCompile Include="5086 배수와 약수.cpp">
      <Filter>리소스 파일\소스 파일\구현</Filter>
    </ClCompile>
    <ClCompile Include="2458 키 순서.cpp">
      <Filter>리소스 파일\소스 파일\그래프</Filter>
    </ClCompile>
    <ClCompile Include="7567 그릇.cpp">
      <Filter>리소스 파일\소스 파일\구현</Filter>
    </ClCompile>
    <ClCompile Include="10798 세로읽기.cpp">
      <Filter>리소스 파일\소스 파일\구현</Filter>
    </ClCompile>
    <ClCompile Include="14490 백대열.cpp">
      <Filter>리소스 파일\소스 파일\구현</Filter>
    </ClCompile>
    <ClCompile Include="17614 369.cpp">
      <Filter>리소스 파일\소스 파일\구현</Filter>
    </ClCompile>
    <ClCompile Include="3135 라디오.cpp">
      <Filter>리소스 파일\소스 파일\구현</Filter>
    </ClCompile>
    <ClCompile Include="10103 주사위 게임.cpp">
      <Filter>리소스 파일\소스 파일\구현</Filter>
    </ClCompile>
    <ClCompile Include="3009 네 번째점.cpp">
      <Filter>리소스 파일\소스 파일\구현</Filter>
    </ClCompile>
    <ClCompile Include="3024 마라톤 틱택토.cpp">
      <Filter>리소스 파일\소스 파일\DFSBFS</Filter>
    </ClCompile>
    <ClCompile Include="11328 Strfry.cpp">
      <Filter>리소스 파일\소스 파일\구현</Filter>
    </ClCompile>
    <ClCompile Include="16486 운동장 한 바퀴.cpp">
      <Filter>리소스 파일\소스 파일\구현</Filter>
    </ClCompile>
    <ClCompile Include="16968 차량번호판1.cpp">
      <Filter>리소스 파일\소스 파일\구현</Filter>
    </ClCompile>
    <ClCompile Include="16674 2018년을 되돌아보며.cpp">
      <Filter>리소스 파일\소스 파일\구현</Filter>
    </ClCompile>
    <ClCompile Include="16944 강력한 비밀번호.cpp">
      <Filter>리소스 파일\소스 파일\구현</Filter>
    </ClCompile>
    <ClCompile Include="5101 Sequences.cpp">
      <Filter>리소스 파일\소스 파일\구현</Filter>
    </ClCompile>
    <ClCompile Include="17031 Flipper.cpp">
      <Filter>리소스 파일\소스 파일\구현</Filter>
    </ClCompile>
    <ClCompile Include="3041 N-퍼즐.cpp">
      <Filter>리소스 파일\소스 파일\구현</Filter>
    </ClCompile>
    <ClCompile Include="17256 달달함이 넘쳐흘러.cpp">
      <Filter>리소스 파일\소스 파일\구현</Filter>
    </ClCompile>
    <ClCompile Include="9517 아이 러브 크로아티아.cpp">
      <Filter>리소스 파일\소스 파일\구현</Filter>
    </ClCompile>
    <ClCompile Include="17826 나의 학점은.cpp">
      <Filter>리소스 파일\소스 파일\구현</Filter>
    </ClCompile>
    <ClCompile Include="1526 가장 큰 금민수.cpp">
      <Filter>리소스 파일\소스 파일\구현</Filter>
    </ClCompile>
    <ClCompile Include="에라스토테네스의 체.cpp">
      <Filter>리소스 파일\소스 파일</Filter>
    </ClCompile>
    <ClCompile Include="10811 바구니 뒤집기.cpp">
      <Filter>리소스 파일\소스 파일\구현</Filter>
    </ClCompile>
    <ClCompile Include="16171 나는 친구가 적다(small).cpp">
      <Filter>리소스 파일\소스 파일\구현</Filter>
    </ClCompile>
    <ClCompile Include="2420 사파리 월드.cpp">
      <Filter>리소스 파일\소스 파일\구현</Filter>
    </ClCompile>
    <ClCompile Include="5704 팬그램.cpp">
      <Filter>리소스 파일\소스 파일\구현</Filter>
    </ClCompile>
    <ClCompile Include="3035 스캐너.cpp">
      <Filter>리소스 파일\소스 파일\구현</Filter>
    </ClCompile>
    <ClCompile Include="15963 CASIO.cpp">
      <Filter>리소스 파일\소스 파일\구현</Filter>
    </ClCompile>
    <ClCompile Include="15965 K번째 소수.cpp">
      <Filter>리소스 파일\소스 파일\구현</Filter>
    </ClCompile>
    <ClCompile Include="15964 이상한 기호.cpp">
      <Filter>리소스 파일\소스 파일\구현</Filter>
    </ClCompile>
    <ClCompile Include="11505 구간 곱 구하기.cpp">
      <Filter>리소스 파일\소스 파일\구현</Filter>
    </ClCompile>
    <ClCompile Include="2864 5와6의 차이.cpp">
      <Filter>리소스 파일\소스 파일\구현</Filter>
    </ClCompile>
    <ClCompile Include="5063 TGN.cpp">
      <Filter>리소스 파일\소스 파일\구현</Filter>
    </ClCompile>
    <ClCompile Include="2858 기숙사 바닥.cpp">
      <Filter>리소스 파일\소스 파일\구현</Filter>
    </ClCompile>
    <ClCompile Include="1159 농구 경기.cpp">
      <Filter>리소스 파일\소스 파일\구현</Filter>
    </ClCompile>
    <ClCompile Include="5532 방학 숙제.cpp">
      <Filter>리소스 파일\소스 파일\구현</Filter>
    </ClCompile>
    <ClCompile Include="10799 쇠막대기.cpp">
      <Filter>리소스 파일\소스 파일\구현</Filter>
    </ClCompile>
    <ClCompile Include="1764 듣보잡.cpp">
      <Filter>리소스 파일\소스 파일\해시</Filter>
    </ClCompile>
    <ClCompile Include="10707 수도요금.cpp">
      <Filter>리소스 파일\소스 파일\구현</Filter>
    </ClCompile>
    <ClCompile Include="5554 심부름 가는 길.cpp">
      <Filter>리소스 파일\소스 파일\구현</Filter>
    </ClCompile>
    <ClCompile Include="5567 결혼식.c">
      <Filter>리소스 파일\소스 파일\구현</Filter>
    </ClCompile>
    <ClCompile Include="17478 재귀함수가 뭔가요.cpp">
      <Filter>리소스 파일\소스 파일\구현</Filter>
    </ClCompile>
    <ClCompile Include="5612 터널의 입구와 출구.cpp">
      <Filter>리소스 파일\소스 파일\구현</Filter>
    </ClCompile>
    <ClCompile Include="2804 크로스워드 만들기.c">
      <Filter>리소스 파일\소스 파일\구현</Filter>
    </ClCompile>
    <ClCompile Include="2992 크면서 작은 수.cpp">
      <Filter>리소스 파일\소스 파일\구현</Filter>
    </ClCompile>
    <ClCompile Include="12790 Mini Fantasy War.cpp">
      <Filter>리소스 파일\소스 파일\구현</Filter>
    </ClCompile>
    <ClCompile Include="2783 삼각 김밥.cpp">
      <Filter>리소스 파일\소스 파일\구현</Filter>
    </ClCompile>
    <ClCompile Include="4677 Oil Deposits.cpp">
      <Filter>리소스 파일\소스 파일\DFSBFS</Filter>
    </ClCompile>
    <ClCompile Include="2668 숫자고르기.cpp">
      <Filter>리소스 파일\소스 파일\DFSBFS</Filter>
    </ClCompile>
    <ClCompile Include="5533 유니크.cpp">
      <Filter>리소스 파일\소스 파일\구현</Filter>
    </ClCompile>
    <ClCompile Include="8979 올림픽.cpp">
      <Filter>리소스 파일\소스 파일\구현</Filter>
    </ClCompile>
    <ClCompile Include="8320 직사각형을 만드는 방법.cpp">
      <Filter>리소스 파일\소스 파일\구현</Filter>
    </ClCompile>
    <ClCompile Include="2851 슈퍼 마리오.cpp">
      <Filter>리소스 파일\소스 파일\구현</Filter>
    </ClCompile>
    <ClCompile Include="2033 반올림.cpp">
      <Filter>리소스 파일\소스 파일\구현</Filter>
    </ClCompile>
    <ClCompile Include="1551 수열의 변화.cpp">
      <Filter>리소스 파일\소스 파일\구현</Filter>
    </ClCompile>
    <ClCompile Include="5596 시험 점수.cpp">
      <Filter>리소스 파일\소스 파일\구현</Filter>
    </ClCompile>
    <ClCompile Include="6321 IBM 빼기 1.cpp">
      <Filter>리소스 파일\소스 파일\입문용</Filter>
    </ClCompile>
    <ClCompile Include="15665 N과M 11.cpp">
      <Filter>리소스 파일\소스 파일\브루트포스</Filter>
    </ClCompile>
    <ClCompile Include="1019 책 페이지%28시간초과%29.cpp">
      <Filter>리소스 파일\소스 파일\브루트포스</Filter>
    </ClCompile>
    <ClCompile Include="2998 8진수.cpp">
      <Filter>리소스 파일\소스 파일\시뮬레이션</Filter>
    </ClCompile>
    <ClCompile Include="18258 큐2.cpp">
      <Filter>리소스 파일\소스 파일\구현</Filter>
    </ClCompile>
    <ClCompile Include="1026 보물.cpp">
      <Filter>리소스 파일\소스 파일\구현</Filter>
    </ClCompile>
    <ClCompile Include="13410 거꾸로 구구단.cpp">
      <Filter>리소스 파일\소스 파일\브루트포스</Filter>
    </ClCompile>
    <ClCompile Include="6211 The Eating Puzzle.cpp">
      <Filter>리소스 파일\소스 파일\배낭 문제</Filter>
    </ClCompile>
    <ClCompile Include="10824 네 수.cpp">
      <Filter>리소스 파일\소스 파일\구현</Filter>
    </ClCompile>
    <ClCompile Include="1357 뒤집힌 덧셈.cpp">
      <Filter>리소스 파일\소스 파일\구현</Filter>
    </ClCompile>
    <ClCompile Include="11943 파일 옮기기.cpp">
      <Filter>리소스 파일\소스 파일\구현</Filter>
    </ClCompile>
    <ClCompile Include="2998 8진수.c">
      <Filter>리소스 파일\소스 파일\구현</Filter>
    </ClCompile>
    <ClCompile Include="1952 달팽이2.c">
      <Filter>리소스 파일\소스 파일\구현</Filter>
    </ClCompile>
    <ClCompile Include="2960 에라스토테네스의 체.c">
      <Filter>리소스 파일\소스 파일\브루트포스</Filter>
    </ClCompile>
    <ClCompile Include="3671 산업 스파이의 편지.cpp">
      <Filter>리소스 파일\소스 파일\브루트포스</Filter>
    </ClCompile>
    <ClCompile Include="1475 방번호.cpp">
      <Filter>리소스 파일\소스 파일\구현</Filter>
    </ClCompile>
    <ClCompile Include="1652 누울자리를 찾아라.cpp">
      <Filter>리소스 파일\소스 파일\구현</Filter>
    </ClCompile>
    <ClCompile Include="12778 CTP공국으로 이민 가자.cpp">
      <Filter>리소스 파일\소스 파일\구현</Filter>
    </ClCompile>
    <ClCompile Include="3059 등장하지 않은 문자의 합.cpp">
      <Filter>리소스 파일\소스 파일\구현</Filter>
    </ClCompile>
    <ClCompile Include="11816 8진수, 10진수, 16진수.cpp">
      <Filter>리소스 파일\소스 파일\구현</Filter>
    </ClCompile>
    <ClCompile Include="1051 숫자 정사각형.c">
      <Filter>리소스 파일\소스 파일\브루트포스</Filter>
    </ClCompile>
    <ClCompile Include="10994 별 찍기19.cpp">
      <Filter>리소스 파일\소스 파일\재귀호출</Filter>
    </ClCompile>
    <ClCompile Include="2578 빙고.cpp">
      <Filter>리소스 파일\소스 파일\구현</Filter>
    </ClCompile>
    <ClCompile Include="9252 LCS2.cpp">
      <Filter>리소스 파일\소스 파일\LCS</Filter>
    </ClCompile>
    <ClCompile Include="13304 방 배정.cpp">
      <Filter>리소스 파일\소스 파일\구현</Filter>
    </ClCompile>
    <ClCompile Include="1919 애너그램 만들기.cpp">
      <Filter>리소스 파일\소스 파일\구현</Filter>
    </ClCompile>
    <ClCompile Include="5568 카드 놓기.cpp">
      <Filter>리소스 파일\소스 파일\재귀호출</Filter>
    </ClCompile>
    <ClCompile Include="10993 별 찍기 18.cpp">
      <Filter>리소스 파일\소스 파일\재귀호출</Filter>
    </ClCompile>
    <ClCompile Include="16198 에너지 모으기_C버전.c">
      <Filter>리소스 파일\소스 파일\재귀호출</Filter>
    </ClCompile>
    <ClCompile Include="16198 에너지 모으기_CPP.cpp">
      <Filter>리소스 파일\소스 파일\재귀호출</Filter>
    </ClCompile>
    <ClCompile Include="10867 중복 빼고 정렬하기.cpp">
      <Filter>리소스 파일\소스 파일\정렬</Filter>
    </ClCompile>
    <ClCompile Include="3062 수 뒤집기.cpp">
      <Filter>리소스 파일\소스 파일\구현</Filter>
    </ClCompile>
    <ClCompile Include="1672 DNA 해독.cpp">
      <Filter>리소스 파일\소스 파일\구현</Filter>
    </ClCompile>
    <ClCompile Include="17413 단어 뒤집기2.cpp">
      <Filter>리소스 파일\소스 파일\구현</Filter>
    </ClCompile>
    <ClCompile Include="9093 단어 뒤집기.cpp">
      <Filter>리소스 파일\소스 파일\구현</Filter>
    </ClCompile>
    <ClCompile Include="1168 요세푸스 문제2.cpp">
      <Filter>리소스 파일\소스 파일\구현</Filter>
    </ClCompile>
    <ClCompile Include="19236 청소년 상어.cpp">
      <Filter>리소스 파일\소스 파일\시뮬레이션</Filter>
    </ClCompile>
    <ClCompile Include="1268 임시 반장 정하기.cpp">
      <Filter>리소스 파일\소스 파일\구현</Filter>
    </ClCompile>
    <ClCompile Include="5576 콘테스트.cpp">
      <Filter>리소스 파일\소스 파일\구현</Filter>
    </ClCompile>
    <ClCompile Include="1138 한 줄로 서기.cpp">
      <Filter>리소스 파일\소스 파일\그리디</Filter>
    </ClCompile>
    <ClCompile Include="2605 줄 세우기.cpp">
      <Filter>리소스 파일\소스 파일\구현</Filter>
    </ClCompile>
    <ClCompile Include="10757 큰 수 A+B.cpp">
      <Filter>리소스 파일\소스 파일\구현</Filter>
    </ClCompile>
    <ClCompile Include="10820 문자열 분석.cpp">
      <Filter>리소스 파일\소스 파일\문자열</Filter>
    </ClCompile>
    <ClCompile Include="15683 감시.cpp">
      <Filter>리소스 파일\소스 파일\브루트포스</Filter>
    </ClCompile>
    <ClCompile Include="17144 미세먼지 안녕.cpp">
      <Filter>리소스 파일\소스 파일\시뮬레이션</Filter>
    </ClCompile>
    <ClCompile Include="17779 게리맨더링2.cpp">
      <Filter>리소스 파일\소스 파일\구현</Filter>
    </ClCompile>
    <ClCompile Include="1713 후보 추천하기.cpp">
      <Filter>리소스 파일\소스 파일\구현</Filter>
    </ClCompile>
    <ClCompile Include="1356 유진수.cpp">
      <Filter>리소스 파일\소스 파일\구현</Filter>
    </ClCompile>
    <ClCompile Include="9946 단어 퍼즐.cpp">
      <Filter>리소스 파일\소스 파일\구현</Filter>
    </ClCompile>
    <ClCompile Include="4592 중복을 없애자.cpp">
      <Filter>리소스 파일\소스 파일\구현</Filter>
    </ClCompile>
    <ClCompile Include="1236 성 지키기.cpp">
      <Filter>리소스 파일\소스 파일\구현</Filter>
    </ClCompile>
    <ClCompile Include="2877 4와7.cpp">
      <Filter>리소스 파일\소스 파일\구현</Filter>
    </ClCompile>
    <ClCompile Include="2810 컵홀더.cpp">
      <Filter>리소스 파일\소스 파일\문자열</Filter>
    </ClCompile>
    <ClCompile Include="17618 신기한 수.cpp">
      <Filter>리소스 파일\소스 파일\구현</Filter>
    </ClCompile>
    <ClCompile Include="14726 신용카드 판별.cpp">
      <Filter>리소스 파일\소스 파일\구현</Filter>
    </ClCompile>
    <ClCompile Include="15953 상금 헌터.cpp">
      <Filter>리소스 파일\소스 파일\수학</Filter>
    </ClCompile>
    <ClCompile Include="1085 직사각형에서 탈출.cpp">
      <Filter>리소스 파일\소스 파일\수학</Filter>
    </ClCompile>
    <ClCompile Include="2303 숫자 게임.cpp">
      <Filter>리소스 파일\소스 파일\브루트포스</Filter>
    </ClCompile>
    <ClCompile Include="13300 방 배정.cpp">
      <Filter>리소스 파일\소스 파일\구현</Filter>
    </ClCompile>
    <ClCompile Include="14499 주사위 굴리기.cpp">
      <Filter>리소스 파일\소스 파일\구현</Filter>
    </ClCompile>
    <ClCompile Include="17389 보너스 점수.cpp">
      <Filter>리소스 파일\소스 파일\구현</Filter>
    </ClCompile>
    <ClCompile Include="10768 특별한 날.cpp">
      <Filter>리소스 파일\소스 파일\구현</Filter>
    </ClCompile>
    <ClCompile Include="18883 N M 찍기.cpp">
      <Filter>리소스 파일\소스 파일\구현</Filter>
    </ClCompile>
    <ClCompile Include="11098 첼시를 도와줘.cpp">
      <Filter>리소스 파일\소스 파일\문자열</Filter>
    </ClCompile>
    <ClCompile Include="11637 인기 투표.cpp">
      <Filter>리소스 파일\소스 파일\구현</Filter>
    </ClCompile>
    <ClCompile Include="huffmanMain.c">
      <Filter>리소스 파일\소스 파일\허프만 압축 알고리즘</Filter>
    </ClCompile>
    <ClCompile Include="1261 알고스팟.cpp">
      <Filter>리소스 파일\소스 파일\DFSBFS</Filter>
    </ClCompile>
    <ClCompile Include="14284 간선 이어가기2.cpp">
      <Filter>리소스 파일\소스 파일\그래프</Filter>
    </ClCompile>
    <ClCompile Include="2075 N번째 큰 수.cpp">
      <Filter>리소스 파일\소스 파일\우선순위 큐</Filter>
    </ClCompile>
    <ClCompile Include="2075 N번째 큰 수(STL).cpp">
      <Filter>리소스 파일\소스 파일\우선순위 큐</Filter>
    </ClCompile>
    <ClCompile Include="1238 파티.cpp">
      <Filter>리소스 파일\소스 파일\그래프</Filter>
    </ClCompile>
    <ClCompile Include="14592 2017 아주대.cpp">
      <Filter>리소스 파일\소스 파일\정렬</Filter>
    </ClCompile>
    <ClCompile Include="14241 슬라임 합치기.cpp">
      <Filter>리소스 파일\소스 파일\우선순위 큐</Filter>
    </ClCompile>
    <ClCompile Include="1477 휴게소 세우기.cpp">
      <Filter>리소스 파일\소스 파일\이분탐색</Filter>
    </ClCompile>
    <ClCompile Include="13397 구간 나누기2.cpp">
      <Filter>리소스 파일\소스 파일\이분탐색</Filter>
    </ClCompile>
    <ClCompile Include="1543 문서 검색.cpp">
      <Filter>리소스 파일\소스 파일\문자열</Filter>
    </ClCompile>
    <ClCompile Include="14696 딱지놀이.cpp">
      <Filter>리소스 파일\소스 파일\구현</Filter>
    </ClCompile>
    <ClCompile Include="QueenAtack2.cpp">
      <Filter>리소스 파일\소스 파일\DFSBFS</Filter>
    </ClCompile>
    <ClCompile Include="2608 로마 숫자.cpp">
      <Filter>리소스 파일\소스 파일\문자열</Filter>
    </ClCompile>
    <ClCompile Include="16922 로마 숫자 만들기.cpp">
      <Filter>리소스 파일\소스 파일\구현</Filter>
    </ClCompile>
    <ClCompile Include="16918 봄버맨.cpp">
      <Filter>리소스 파일\소스 파일\구현</Filter>
    </ClCompile>
    <ClCompile Include="1655 가운데를 말해요.cpp">
      <Filter>리소스 파일\소스 파일\우선순위 큐</Filter>
    </ClCompile>
    <ClCompile Include="1769 3의 배수.cpp">
      <Filter>리소스 파일\소스 파일\재귀호출</Filter>
    </ClCompile>
    <ClCompile Include="9290 틱택토 이기기.cpp">
      <Filter>리소스 파일\소스 파일\구현</Filter>
    </ClCompile>
    <ClCompile Include="2145 숫자 놀이.cpp">
      <Filter>리소스 파일\소스 파일\구현</Filter>
    </ClCompile>
    <ClCompile Include="1292 쉽게 푸는 문제.cpp">
      <Filter>리소스 파일\소스 파일\수학</Filter>
    </ClCompile>
    <ClCompile Include="1408 24.cpp">
      <Filter>리소스 파일\소스 파일\구현</Filter>
    </ClCompile>
    <ClCompile Include="1735 분수 합.cpp">
      <Filter>리소스 파일\소스 파일\수학</Filter>
    </ClCompile>
    <ClCompile Include="2702 초6 수학.c">
      <Filter>리소스 파일\소스 파일\수학</Filter>
    </ClCompile>
    <ClCompile Include="2703 Cryptoquote.cpp">
      <Filter>리소스 파일\소스 파일\문자열</Filter>
    </ClCompile>
    <ClCompile Include="2721 삼각수의 합.cpp">
      <Filter>리소스 파일\소스 파일\수학</Filter>
    </ClCompile>
    <ClCompile Include="2745 진법 변환.cpp">
      <Filter>리소스 파일\소스 파일\수학</Filter>
    </ClCompile>
    <ClCompile Include="2592 대표값.cpp">
      <Filter>리소스 파일\소스 파일\수학</Filter>
    </ClCompile>
    <ClCompile Include="2948 2009년.cpp">
      <Filter>리소스 파일\소스 파일\구현</Filter>
    </ClCompile>
    <ClCompile Include="2863 이게 분수.cpp">
      <Filter>리소스 파일\소스 파일\수학</Filter>
    </ClCompile>
    <ClCompile Include="2720 세탁소 사장 동혁.cpp">
      <Filter>리소스 파일\소스 파일\수학</Filter>
    </ClCompile>
    <ClCompile Include="2903 중앙 이동 알고리즘.cpp">
      <Filter>리소스 파일\소스 파일\수학</Filter>
    </ClCompile>
    <ClCompile Include="2959 거북이.cpp">
      <Filter>리소스 파일\소스 파일\수학</Filter>
    </ClCompile>
    <ClCompile Include="2847 게임을 만든 동준이.cpp">
      <Filter>리소스 파일\소스 파일\그리디</Filter>
    </ClCompile>
    <ClCompile Include="2921 도미노.cpp">
      <Filter>리소스 파일\소스 파일\재귀호출</Filter>
    </ClCompile>
    <ClCompile Include="1598 꼬리를 무는 숫자 나열.cpp">
      <Filter>리소스 파일\소스 파일\수학</Filter>
    </ClCompile>
    <ClCompile Include="2869 달팽이는 올라가고 싶다.c">
      <Filter>리소스 파일\소스 파일\수학</Filter>
    </ClCompile>
    <ClCompile Include="15372 A Simple Problem.c">
      <Filter>리소스 파일\소스 파일\수학</Filter>
    </ClCompile>
    <ClCompile Include="20492 세금.cpp">
      <Filter>리소스 파일\소스 파일\수학</Filter>
    </ClCompile>
  </ItemGroup>
  <ItemGroup>
    <ClInclude Include="Member.h">
      <Filter>리소스 파일\소스 파일\DOIT 자료구조와 알고리즘\chapter11</Filter>
    </ClInclude>
    <ClInclude Include="ChainHash.h">
      <Filter>헤더 파일</Filter>
    </ClInclude>
  </ItemGroup>
</Project>
